
Microsoft Visual Studio Solution File, Format Version 12.00
# Visual Studio Version 17
VisualStudioVersion = 17.11.35327.3
MinimumVisualStudioVersion = 10.0.40219.1
Project("{8BC9CEB8-8B4A-11D0-8D11-00A0C91BC942}") = "Rock, Paper, Scissors", "Rock, Paper, Scissors\Rock, Paper, Scissors.vcxproj", "{DC661AA2-DD57-4444-A27C-5DA50421103E}"
EndProject
Global
	GlobalSection(SolutionConfigurationPlatforms) = preSolution
		Debug|x64 = Debug|x64
		Debug|x86 = Debug|x86
		Release|x64 = Release|x64
		Release|x86 = Release|x86
	EndGlobalSection
	GlobalSection(ProjectConfigurationPlatforms) = postSolution
		{DC661AA2-DD57-4444-A27C-5DA50421103E}.Debug|x64.ActiveCfg = Debug|x64
		{DC661AA2-DD57-4444-A27C-5DA50421103E}.Debug|x64.Build.0 = Debug|x64
		{DC661AA2-DD57-4444-A27C-5DA50421103E}.Debug|x86.ActiveCfg = Debug|Win32
		{DC661AA2-DD57-4444-A27C-5DA50421103E}.Debug|x86.Build.0 = Debug|Win32
		{DC661AA2-DD57-4444-A27C-5DA50421103E}.Release|x64.ActiveCfg = Release|x64
		{DC661AA2-DD57-4444-A27C-5DA50421103E}.Release|x64.Build.0 = Release|x64
		{DC661AA2-DD57-4444-A27C-5DA50421103E}.Release|x86.ActiveCfg = Release|Win32
		{DC661AA2-DD57-4444-A27C-5DA50421103E}.Release|x86.Build.0 = Release|Win32
	EndGlobalSection
	GlobalSection(SolutionProperties) = preSolution
		HideSolutionNode = FALSE
	EndGlobalSection
	GlobalSection(ExtensibilityGlobals) = postSolution
		SolutionGuid = {82FAC2AC-AF95-46F6-A7CA-0B0D6ED0E8F6}
	EndGlobalSection
EndGlobal
